
Microsoft Visual Studio Solution File, Format Version 12.00
# Visual Studio Version 17
VisualStudioVersion = 17.6.33815.320
MinimumVisualStudioVersion = 10.0.40219.1
Project("{FAE04EC0-301F-11D3-BF4B-00C04F79EFBC}") = "FMS", "FMS\FMS.csproj", "{D4720AA6-97B0-47D9-8C84-E9EA9F8CFB9E}"
EndProject
Global
	GlobalSection(SolutionConfigurationPlatforms) = preSolution
		Debug|Any CPU = Debug|Any CPU
		Release|Any CPU = Release|Any CPU
	EndGlobalSection
	GlobalSection(ProjectConfigurationPlatforms) = postSolution
		{D4720AA6-97B0-47D9-8C84-E9EA9F8CFB9E}.Debug|Any CPU.ActiveCfg = Debug|Any CPU
		{D4720AA6-97B0-47D9-8C84-E9EA9F8CFB9E}.Debug|Any CPU.Build.0 = Debug|Any CPU
		{D4720AA6-97B0-47D9-8C84-E9EA9F8CFB9E}.Release|Any CPU.ActiveCfg = Release|Any CPU
		{D4720AA6-97B0-47D9-8C84-E9EA9F8CFB9E}.Release|Any CPU.Build.0 = Release|Any CPU
	EndGlobalSection
	GlobalSection(SolutionProperties) = preSolution
		HideSolutionNode = FALSE
	EndGlobalSection
	GlobalSection(ExtensibilityGlobals) = postSolution
		SolutionGuid = {391DB4EF-CA86-4B93-96EB-D895A9AE8EDB}
	EndGlobalSection
EndGlobal
